
Microsoft Visual Studio Solution File, Format Version 12.00
# Visual Studio Version 16
VisualStudioVersion = 16.0.30225.117
MinimumVisualStudioVersion = 10.0.40219.1
Project("{9A19103F-16F7-4668-BE54-9A1E7A4F7556}") = "NewUnitProject", "NewUnitProject\NewUnitProject.csproj", "{B4E0087B-BA51-4915-A5A1-A159E30DE7E6}"
EndProject
Project("{FAE04EC0-301F-11D3-BF4B-00C04F79EFBC}") = "XUnitTestProject1", "XUnitTestProject1\XUnitTestProject1.csproj", "{EAFAD01D-B999-4C84-9705-F2D7FE00E91A}"
EndProject
Global
	GlobalSection(SolutionConfigurationPlatforms) = preSolution
		Debug|Any CPU = Debug|Any CPU
		Release|Any CPU = Release|Any CPU
	EndGlobalSection
	GlobalSection(ProjectConfigurationPlatforms) = postSolution
		{B4E0087B-BA51-4915-A5A1-A159E30DE7E6}.Debug|Any CPU.ActiveCfg = Debug|Any CPU
		{B4E0087B-BA51-4915-A5A1-A159E30DE7E6}.Debug|Any CPU.Build.0 = Debug|Any CPU
		{B4E0087B-BA51-4915-A5A1-A159E30DE7E6}.Release|Any CPU.ActiveCfg = Release|Any CPU
		{B4E0087B-BA51-4915-A5A1-A159E30DE7E6}.Release|Any CPU.Build.0 = Release|Any CPU
		{EAFAD01D-B999-4C84-9705-F2D7FE00E91A}.Debug|Any CPU.ActiveCfg = Debug|Any CPU
		{EAFAD01D-B999-4C84-9705-F2D7FE00E91A}.Debug|Any CPU.Build.0 = Debug|Any CPU
		{EAFAD01D-B999-4C84-9705-F2D7FE00E91A}.Release|Any CPU.ActiveCfg = Release|Any CPU
		{EAFAD01D-B999-4C84-9705-F2D7FE00E91A}.Release|Any CPU.Build.0 = Release|Any CPU
	EndGlobalSection
	GlobalSection(SolutionProperties) = preSolution
		HideSolutionNode = FALSE
	EndGlobalSection
	GlobalSection(ExtensibilityGlobals) = postSolution
		SolutionGuid = {E4A7B181-F8E4-47EF-9631-B6428472027E}
	EndGlobalSection
EndGlobal
